
Microsoft Visual Studio Solution File, Format Version 12.00
# Visual Studio Version 17
VisualStudioVersion = 17.1.32210.238
MinimumVisualStudioVersion = 10.0.40219.1
Project("{9A19103F-16F7-4668-BE54-9A1E7A4F7556}") = "BlogProjectRefactor", "BlogProjectRefactor\BlogProjectRefactor.csproj", "{BD4C6C74-5D61-4EF0-BE92-63F29A098481}"
EndProject
Project("{9A19103F-16F7-4668-BE54-9A1E7A4F7556}") = "BlogProject.Services", "BlogProject.Services\BlogProject.Services.csproj", "{0C052A13-8AFC-4727-B440-7AB4CBCB1AA5}"
EndProject
Project("{9A19103F-16F7-4668-BE54-9A1E7A4F7556}") = "BlogProject.Database", "BlogProject.Database\BlogProject.Database.csproj", "{6D6B0A9C-53FD-43CC-8C86-DF89D6D3D41F}"
EndProject
Project("{9A19103F-16F7-4668-BE54-9A1E7A4F7556}") = "BlogProject.Dtos", "BlogProject.Dtos\BlogProject.Dtos.csproj", "{40E6129C-216E-44DD-83C4-F93092693557}"
EndProject
Global
	GlobalSection(SolutionConfigurationPlatforms) = preSolution
		Debug|Any CPU = Debug|Any CPU
		Release|Any CPU = Release|Any CPU
	EndGlobalSection
	GlobalSection(ProjectConfigurationPlatforms) = postSolution
		{BD4C6C74-5D61-4EF0-BE92-63F29A098481}.Debug|Any CPU.ActiveCfg = Debug|Any CPU
		{BD4C6C74-5D61-4EF0-BE92-63F29A098481}.Debug|Any CPU.Build.0 = Debug|Any CPU
		{BD4C6C74-5D61-4EF0-BE92-63F29A098481}.Release|Any CPU.ActiveCfg = Release|Any CPU
		{BD4C6C74-5D61-4EF0-BE92-63F29A098481}.Release|Any CPU.Build.0 = Release|Any CPU
		{0C052A13-8AFC-4727-B440-7AB4CBCB1AA5}.Debug|Any CPU.ActiveCfg = Debug|Any CPU
		{0C052A13-8AFC-4727-B440-7AB4CBCB1AA5}.Debug|Any CPU.Build.0 = Debug|Any CPU
		{0C052A13-8AFC-4727-B440-7AB4CBCB1AA5}.Release|Any CPU.ActiveCfg = Release|Any CPU
		{0C052A13-8AFC-4727-B440-7AB4CBCB1AA5}.Release|Any CPU.Build.0 = Release|Any CPU
		{6D6B0A9C-53FD-43CC-8C86-DF89D6D3D41F}.Debug|Any CPU.ActiveCfg = Debug|Any CPU
		{6D6B0A9C-53FD-43CC-8C86-DF89D6D3D41F}.Debug|Any CPU.Build.0 = Debug|Any CPU
		{6D6B0A9C-53FD-43CC-8C86-DF89D6D3D41F}.Release|Any CPU.ActiveCfg = Release|Any CPU
		{6D6B0A9C-53FD-43CC-8C86-DF89D6D3D41F}.Release|Any CPU.Build.0 = Release|Any CPU
		{40E6129C-216E-44DD-83C4-F93092693557}.Debug|Any CPU.ActiveCfg = Debug|Any CPU
		{40E6129C-216E-44DD-83C4-F93092693557}.Debug|Any CPU.Build.0 = Debug|Any CPU
		{40E6129C-216E-44DD-83C4-F93092693557}.Release|Any CPU.ActiveCfg = Release|Any CPU
		{40E6129C-216E-44DD-83C4-F93092693557}.Release|Any CPU.Build.0 = Release|Any CPU
	EndGlobalSection
	GlobalSection(SolutionProperties) = preSolution
		HideSolutionNode = FALSE
	EndGlobalSection
	GlobalSection(ExtensibilityGlobals) = postSolution
		SolutionGuid = {6017405F-02F7-4EA0-9924-15C782F9A8C4}
	EndGlobalSection
EndGlobal
